
Microsoft Visual Studio Solution File, Format Version 12.00
# Visual Studio Version 17
VisualStudioVersion = 17.2.32526.322
MinimumVisualStudioVersion = 10.0.40219.1
Project("{FAE04EC0-301F-11D3-BF4B-00C04F79EFBC}") = "LabBigSchool_DoanBaNgoc", "LabBigSchool_DoanBaNgoc\LabBigSchool_DoanBaNgoc.csproj", "{524A5CAD-B9CB-45EE-ADBC-A0425E33DDA1}"
EndProject
Global
	GlobalSection(SolutionConfigurationPlatforms) = preSolution
		Debug|Any CPU = Debug|Any CPU
		Release|Any CPU = Release|Any CPU
	EndGlobalSection
	GlobalSection(ProjectConfigurationPlatforms) = postSolution
		{524A5CAD-B9CB-45EE-ADBC-A0425E33DDA1}.Debug|Any CPU.ActiveCfg = Debug|Any CPU
		{524A5CAD-B9CB-45EE-ADBC-A0425E33DDA1}.Debug|Any CPU.Build.0 = Debug|Any CPU
		{524A5CAD-B9CB-45EE-ADBC-A0425E33DDA1}.Release|Any CPU.ActiveCfg = Release|Any CPU
		{524A5CAD-B9CB-45EE-ADBC-A0425E33DDA1}.Release|Any CPU.Build.0 = Release|Any CPU
	EndGlobalSection
	GlobalSection(SolutionProperties) = preSolution
		HideSolutionNode = FALSE
	EndGlobalSection
	GlobalSection(ExtensibilityGlobals) = postSolution
		SolutionGuid = {A7D0160D-7B7D-432D-BE8D-49E2A3F5BAB7}
	EndGlobalSection
EndGlobal
